
Microsoft Visual Studio Solution File, Format Version 12.00
# Visual Studio 15
VisualStudioVersion = 15.0.26403.7
MinimumVisualStudioVersion = 10.0.40219.1
Project("{FAE04EC0-301F-11D3-BF4B-00C04F79EFBC}") = "WebCalculator", "WebCalculator\WebCalculator.csproj", "{F8DC7FC9-2048-4031-A766-591C6F821B67}"
EndProject
Project("{FAE04EC0-301F-11D3-BF4B-00C04F79EFBC}") = "Calculator", "Calculator\Calculator.csproj", "{8480DF57-9D04-4095-971C-A9890429BACC}"
EndProject
Project("{FAE04EC0-301F-11D3-BF4B-00C04F79EFBC}") = "Calculator.Test", "Calculator.Test\Calculator.Test.csproj", "{7EE8634D-EC9F-44BC-8D33-B5E8C77B3A85}"
EndProject
Global
	GlobalSection(SolutionConfigurationPlatforms) = preSolution
		Debug|Any CPU = Debug|Any CPU
		Debug|x86 = Debug|x86
		Release|Any CPU = Release|Any CPU
		Release|x86 = Release|x86
	EndGlobalSection
	GlobalSection(ProjectConfigurationPlatforms) = postSolution
		{F8DC7FC9-2048-4031-A766-591C6F821B67}.Debug|Any CPU.ActiveCfg = Debug|Any CPU
		{F8DC7FC9-2048-4031-A766-591C6F821B67}.Debug|Any CPU.Build.0 = Debug|Any CPU
		{F8DC7FC9-2048-4031-A766-591C6F821B67}.Debug|x86.ActiveCfg = Debug|Any CPU
		{F8DC7FC9-2048-4031-A766-591C6F821B67}.Debug|x86.Build.0 = Debug|Any CPU
		{F8DC7FC9-2048-4031-A766-591C6F821B67}.Release|Any CPU.ActiveCfg = Release|Any CPU
		{F8DC7FC9-2048-4031-A766-591C6F821B67}.Release|Any CPU.Build.0 = Release|Any CPU
		{F8DC7FC9-2048-4031-A766-591C6F821B67}.Release|x86.ActiveCfg = Release|Any CPU
		{F8DC7FC9-2048-4031-A766-591C6F821B67}.Release|x86.Build.0 = Release|Any CPU
		{8480DF57-9D04-4095-971C-A9890429BACC}.Debug|Any CPU.ActiveCfg = Debug|Any CPU
		{8480DF57-9D04-4095-971C-A9890429BACC}.Debug|Any CPU.Build.0 = Debug|Any CPU
		{8480DF57-9D04-4095-971C-A9890429BACC}.Debug|x86.ActiveCfg = Debug|Any CPU
		{8480DF57-9D04-4095-971C-A9890429BACC}.Debug|x86.Build.0 = Debug|Any CPU
		{8480DF57-9D04-4095-971C-A9890429BACC}.Release|Any CPU.ActiveCfg = Release|Any CPU
		{8480DF57-9D04-4095-971C-A9890429BACC}.Release|Any CPU.Build.0 = Release|Any CPU
		{8480DF57-9D04-4095-971C-A9890429BACC}.Release|x86.ActiveCfg = Release|Any CPU
		{8480DF57-9D04-4095-971C-A9890429BACC}.Release|x86.Build.0 = Release|Any CPU
		{7EE8634D-EC9F-44BC-8D33-B5E8C77B3A85}.Debug|Any CPU.ActiveCfg = Debug|Any CPU
		{7EE8634D-EC9F-44BC-8D33-B5E8C77B3A85}.Debug|Any CPU.Build.0 = Debug|Any CPU
		{7EE8634D-EC9F-44BC-8D33-B5E8C77B3A85}.Debug|x86.ActiveCfg = Debug|Any CPU
		{7EE8634D-EC9F-44BC-8D33-B5E8C77B3A85}.Debug|x86.Build.0 = Debug|Any CPU
		{7EE8634D-EC9F-44BC-8D33-B5E8C77B3A85}.Release|Any CPU.ActiveCfg = Release|Any CPU
		{7EE8634D-EC9F-44BC-8D33-B5E8C77B3A85}.Release|Any CPU.Build.0 = Release|Any CPU
		{7EE8634D-EC9F-44BC-8D33-B5E8C77B3A85}.Release|x86.ActiveCfg = Release|Any CPU
		{7EE8634D-EC9F-44BC-8D33-B5E8C77B3A85}.Release|x86.Build.0 = Release|Any CPU
	EndGlobalSection
	GlobalSection(SolutionProperties) = preSolution
		HideSolutionNode = FALSE
	EndGlobalSection
EndGlobal
